
Microsoft Visual Studio Solution File, Format Version 12.00
# Visual Studio 14
VisualStudioVersion = 14.0.25420.1
MinimumVisualStudioVersion = 10.0.40219.1
Project("{FAE04EC0-301F-11D3-BF4B-00C04F79EFBC}") = "Light.DataStructures", "Light.DataStructures\Light.DataStructures.csproj", "{2300EAF3-777F-4465-B178-27D7A1019FEA}"
EndProject
Project("{FAE04EC0-301F-11D3-BF4B-00C04F79EFBC}") = "Light.DataStructures.Tests", "Light.DataStructures.Tests\Light.DataStructures.Tests.csproj", "{1E3A2A0A-F518-4B25-9A02-25A1AFCD55E9}"
EndProject
Global
	GlobalSection(SolutionConfigurationPlatforms) = preSolution
		Debug|Any CPU = Debug|Any CPU
		Release|Any CPU = Release|Any CPU
	EndGlobalSection
	GlobalSection(ProjectConfigurationPlatforms) = postSolution
		{2300EAF3-777F-4465-B178-27D7A1019FEA}.Debug|Any CPU.ActiveCfg = Debug|Any CPU
		{2300EAF3-777F-4465-B178-27D7A1019FEA}.Debug|Any CPU.Build.0 = Debug|Any CPU
		{2300EAF3-777F-4465-B178-27D7A1019FEA}.Release|Any CPU.ActiveCfg = Release|Any CPU
		{2300EAF3-777F-4465-B178-27D7A1019FEA}.Release|Any CPU.Build.0 = Release|Any CPU
		{1E3A2A0A-F518-4B25-9A02-25A1AFCD55E9}.Debug|Any CPU.ActiveCfg = Debug|Any CPU
		{1E3A2A0A-F518-4B25-9A02-25A1AFCD55E9}.Debug|Any CPU.Build.0 = Debug|Any CPU
		{1E3A2A0A-F518-4B25-9A02-25A1AFCD55E9}.Release|Any CPU.ActiveCfg = Release|Any CPU
		{1E3A2A0A-F518-4B25-9A02-25A1AFCD55E9}.Release|Any CPU.Build.0 = Release|Any CPU
	EndGlobalSection
	GlobalSection(SolutionProperties) = preSolution
		HideSolutionNode = FALSE
	EndGlobalSection
EndGlobal
